
Microsoft Visual Studio Solution File, Format Version 12.00
# Visual Studio Version 17
VisualStudioVersion = 17.13.35931.197 d17.13
MinimumVisualStudioVersion = 10.0.40219.1
Project("{FAE04EC0-301F-11D3-BF4B-00C04F79EFBC}") = "MyResto2", "MyResto2.csproj", "{DECB4058-4A1A-4D99-8CB5-E21B33D6BF00}"
EndProject
Global
	GlobalSection(SolutionConfigurationPlatforms) = preSolution
		Debug|Any CPU = Debug|Any CPU
		Release|Any CPU = Release|Any CPU
	EndGlobalSection
	GlobalSection(ProjectConfigurationPlatforms) = postSolution
		{DECB4058-4A1A-4D99-8CB5-E21B33D6BF00}.Debug|Any CPU.ActiveCfg = Debug|Any CPU
		{DECB4058-4A1A-4D99-8CB5-E21B33D6BF00}.Debug|Any CPU.Build.0 = Debug|Any CPU
		{DECB4058-4A1A-4D99-8CB5-E21B33D6BF00}.Release|Any CPU.ActiveCfg = Release|Any CPU
		{DECB4058-4A1A-4D99-8CB5-E21B33D6BF00}.Release|Any CPU.Build.0 = Release|Any CPU
	EndGlobalSection
	GlobalSection(SolutionProperties) = preSolution
		HideSolutionNode = FALSE
	EndGlobalSection
	GlobalSection(ExtensibilityGlobals) = postSolution
		SolutionGuid = {54E0904C-501C-4388-B748-22F32F01ED43}
	EndGlobalSection
EndGlobal
